Microsoft Visual Studio Solution File, Format Version 12.00
# Visual Studio Version 17
VisualStudioVersion = 17.5.2.0
MinimumVisualStudioVersion = 10.0.40219.1
Project("{FAE04EC0-301F-11D3-BF4B-00C04F79EFBC}") = "OpenStopMotionStudio", "OpenStopMotionStudio.csproj", "{0F663F56-D724-9872-C074-A5CC3F642698}"
EndProject
Global
	GlobalSection(SolutionConfigurationPlatforms) = preSolution
		Debug|Any CPU = Debug|Any CPU
		Release|Any CPU = Release|Any CPU
	EndGlobalSection
	GlobalSection(ProjectConfigurationPlatforms) = postSolution
		{0F663F56-D724-9872-C074-A5CC3F642698}.Debug|Any CPU.ActiveCfg = Debug|Any CPU
		{0F663F56-D724-9872-C074-A5CC3F642698}.Debug|Any CPU.Build.0 = Debug|Any CPU
		{0F663F56-D724-9872-C074-A5CC3F642698}.Release|Any CPU.ActiveCfg = Release|Any CPU
		{0F663F56-D724-9872-C074-A5CC3F642698}.Release|Any CPU.Build.0 = Release|Any CPU
	EndGlobalSection
	GlobalSection(SolutionProperties) = preSolution
		HideSolutionNode = FALSE
	EndGlobalSection
	GlobalSection(ExtensibilityGlobals) = postSolution
		SolutionGuid = {CF89CE63-2430-4DC5-B80F-D8ED9AFDF2CB}
	EndGlobalSection
EndGlobal
